// !$*UTF8*$!
{
	archiveVersion = 1;
	classes = {
	};
	objectVersion = 48;
	objects = {

/* Begin PBXBuildFile section */
		9A1519E41FD06BEA008E3FF6 /* TODOLIST.rtf in Resources */ = {isa = PBXBuildFile; fileRef = 9A1519E31FD06BEA008E3FF6 /* TODOLIST.rtf */; };
		9A601CA91FCD509200D69AE4 /* Facebook_Mac_Core.framework in Frameworks */ = {isa = PBXBuildFile; fileRef = 9A601CAA1FCD509200D69AE4 /* Facebook_Mac_Core.framework */; };
		9A601CAD1FCD509200D69AE4 /* Facebook_Mac_Login.framework in Frameworks */ = {isa = PBXBuildFile; fileRef = EA7CE2B81FB4BBBB004F7A4A /* Facebook_Mac_Login.framework */; };
		9A601CAE1FCD509900D69AE4 /* Facebook_Mac_Login.framework in CopyFiles */ = {isa = PBXBuildFile; fileRef = EA7CE2B81FB4BBBB004F7A4A /* Facebook_Mac_Login.framework */; settings = {ATTRIBUTES = (CodeSignOnCopy, RemoveHeadersOnCopy, ); }; };
		9A601CAF1FCD50A100D69AE4 /* Facebook_Mac_Core.framework in CopyFiles */ = {isa = PBXBuildFile; fileRef = 9A601CAA1FCD509200D69AE4 /* Facebook_Mac_Core.framework */; settings = {ATTRIBUTES = (CodeSignOnCopy, RemoveHeadersOnCopy, ); }; };
		9A601CC11FCD553300D69AE4 /* FBSDKCoreKit.framework in Frameworks */ = {isa = PBXBuildFile; fileRef = 9A601CC31FCD553300D69AE4 /* FBSDKCoreKit.framework */; };
		9A601CC21FCD553300D69AE4 /* FBSDKLoginKit.framework in Frameworks */ = {isa = PBXBuildFile; fileRef = 9A601CC41FCD553300D69AE4 /* FBSDKLoginKit.framework */; };
		9A601CC51FCD553B00D69AE4 /* FBSDKCoreKit.framework in CopyFiles */ = {isa = PBXBuildFile; fileRef = 9A601CC31FCD553300D69AE4 /* FBSDKCoreKit.framework */; settings = {ATTRIBUTES = (CodeSignOnCopy, RemoveHeadersOnCopy, ); }; };
		9A601CC61FCD553B00D69AE4 /* FBSDKLoginKit.framework in CopyFiles */ = {isa = PBXBuildFile; fileRef = 9A601CC41FCD553300D69AE4 /* FBSDKLoginKit.framework */; settings = {ATTRIBUTES = (CodeSignOnCopy, RemoveHeadersOnCopy, ); }; };
		9A601CC81FCD832A00D69AE4 /* FacebookSDKStrings.bundle in Resources */ = {isa = PBXBuildFile; fileRef = 9A601CC71FCD832A00D69AE4 /* FacebookSDKStrings.bundle */; };
		9A83DBF51FC69C57001A4ED4 /* LoginKitURLs.swift in Sources */ = {isa = PBXBuildFile; fileRef = 9A83DBF41FC69C57001A4ED4 /* LoginKitURLs.swift */; };
		9ADCC9E21FC71EC90095350A /* FacebookLoginController.swift in Sources */ = {isa = PBXBuildFile; fileRef = 9ADCC9E11FC71EC90095350A /* FacebookLoginController.swift */; };
		9ADCC9E51FC71EF60095350A /* FacebookLoginController.xib in Resources */ = {isa = PBXBuildFile; fileRef = 9ADCC9E41FC71EF60095350A /* FacebookLoginController.xib */; };
		9ADCC9E81FC8088D0095350A /* FacebookWebLogin.framework in Frameworks */ = {isa = PBXBuildFile; fileRef = EAD408BB1FC1BF5200950035 /* FacebookWebLogin.framework */; };
		9ADCC9E91FC8096F0095350A /* FacebookWebLogin.framework in CopyFiles */ = {isa = PBXBuildFile; fileRef = EAD408BB1FC1BF5200950035 /* FacebookWebLogin.framework */; settings = {ATTRIBUTES = (CodeSignOnCopy, RemoveHeadersOnCopy, ); }; };
		EA7CE2941FB4B810004F7A4A /* AppDelegate.swift in Sources */ = {isa = PBXBuildFile; fileRef = EA7CE2931FB4B810004F7A4A /* AppDelegate.swift */; };
		EA7CE2961FB4B810004F7A4A /* ViewController.swift in Sources */ = {isa = PBXBuildFile; fileRef = EA7CE2951FB4B810004F7A4A /* ViewController.swift */; };
		EA7CE2981FB4B810004F7A4A /* Assets.xcassets in Resources */ = {isa = PBXBuildFile; fileRef = EA7CE2971FB4B810004F7A4A /* Assets.xcassets */; };
		EA7CE29B1FB4B810004F7A4A /* Main.storyboard in Resources */ = {isa = PBXBuildFile; fileRef = EA7CE2991FB4B810004F7A4A /* Main.storyboard */; };
		EA7CE2A71FB4B810004F7A4A /* Facebook_LoginTests.swift in Sources */ = {isa = PBXBuildFile; fileRef = EA7CE2A61FB4B810004F7A4A /* Facebook_LoginTests.swift */; };
		EAD408C41FC1BF5200950035 /* FacebookWebLogin.framework in Frameworks */ = {isa = PBXBuildFile; fileRef = EAD408BB1FC1BF5200950035 /* FacebookWebLogin.framework */; };
		EAD408C91FC1BF5200950035 /* FacebookWebLoginTests.swift in Sources */ = {isa = PBXBuildFile; fileRef = EAD408C81FC1BF5200950035 /* FacebookWebLoginTests.swift */; };
		EAD408CB1FC1BF5200950035 /* FacebookWebLogin.h in Headers */ = {isa = PBXBuildFile; fileRef = EAD408BD1FC1BF5200950035 /* FacebookWebLogin.h */; settings = {ATTRIBUTES = (Public, ); }; };
		EAD408D31FC1BFA800950035 /* FBAuthToken.swift in Sources */ = {isa = PBXBuildFile; fileRef = EAD408D21FC1BFA800950035 /* FBAuthToken.swift */; };
		EAD408D51FC1D8FD00950035 /* FBLoginController.swift in Sources */ = {isa = PBXBuildFile; fileRef = EAD408D41FC1D8FD00950035 /* FBLoginController.swift */; };
/* End PBXBuildFile section */

/* Begin PBXContainerItemProxy section */
		9A601CB01FCD50A800D69AE4 /* PBXContainerItemProxy */ = {
			isa = PBXContainerItemProxy;
			containerPortal = EA7CE2B21FB4BBBB004F7A4A /* Facebook Mac Login.xcodeproj */;
			proxyType = 1;
			remoteGlobalIDString = EA6C09E31F9F883D004FD78F;
			remoteInfo = "Facebook Mac Login";
		};
		9ADCC9E61FC808860095350A /* PBXContainerItemProxy */ = {
			isa = PBXContainerItemProxy;
			containerPortal = EA7CE2881FB4B810004F7A4A /* Project object */;
			proxyType = 1;
			remoteGlobalIDString = EAD408BA1FC1BF5200950035;
			remoteInfo = FacebookWebLogin;
		};
		EA7CE2A31FB4B810004F7A4A /* PBXContainerItemProxy */ = {
			isa = PBXContainerItemProxy;
			containerPortal = EA7CE2881FB4B810004F7A4A /* Project object */;
			proxyType = 1;
			remoteGlobalIDString = EA7CE28F1FB4B810004F7A4A;
			remoteInfo = "Facebook Login";
		};
		EA7CE2B71FB4BBBB004F7A4A /* PBXContainerItemProxy */ = {
			isa = PBXContainerItemProxy;
			containerPortal = EA7CE2B21FB4BBBB004F7A4A /* Facebook Mac Login.xcodeproj */;
			proxyType = 2;
			remoteGlobalIDString = EA6C09E41F9F883D004FD78F;
			remoteInfo = "Facebook Mac Login";
		};
		EA7CE2B91FB4BBBB004F7A4A /* PBXContainerItemProxy */ = {
			isa = PBXContainerItemProxy;
			containerPortal = EA7CE2B21FB4BBBB004F7A4A /* Facebook Mac Login.xcodeproj */;
			proxyType = 2;
			remoteGlobalIDString = EA6C09ED1F9F883E004FD78F;
			remoteInfo = "Facebook Mac LoginTests";
		};
		EAD408C51FC1BF5200950035 /* PBXContainerItemProxy */ = {
			isa = PBXContainerItemProxy;
			containerPortal = EA7CE2881FB4B810004F7A4A /* Project object */;
			proxyType = 1;
			remoteGlobalIDString = EAD408BA1FC1BF5200950035;
			remoteInfo = FacebookWebLogin;
		};
/* End PBXContainerItemProxy section */

/* Begin PBXCopyFilesBuildPhase section */
		EA7CE2C81FB4BC19004F7A4A /* CopyFiles */ = {
			isa = PBXCopyFilesBuildPhase;
			buildActionMask = 2147483647;
			dstPath = "";
			dstSubfolderSpec = 10;
			files = (
				9A601CC51FCD553B00D69AE4 /* FBSDKCoreKit.framework in CopyFiles */,
				9A601CC61FCD553B00D69AE4 /* FBSDKLoginKit.framework in CopyFiles */,
				9A601CAF1FCD50A100D69AE4 /* Facebook_Mac_Core.framework in CopyFiles */,
				9A601CAE1FCD509900D69AE4 /* Facebook_Mac_Login.framework in CopyFiles */,
				9ADCC9E91FC8096F0095350A /* FacebookWebLogin.framework in CopyFiles */,
			);
			runOnlyForDeploymentPostprocessing = 0;
		};
/* End PBXCopyFilesBuildPhase section */

/* Begin PBXFileReference section */
		9A1519E31FD06BEA008E3FF6 /* TODOLIST.rtf */ = {isa = PBXFileReference; lastKnownFileType = text.rtf; path = TODOLIST.rtf; sourceTree = "<group>"; };
		9A601CAA1FCD509200D69AE4 /* Facebook_Mac_Core.framework */ = {isa = PBXFileReference; explicitFileType = wrapper.framework; path = Facebook_Mac_Core.framework; sourceTree = BUILT_PRODUCTS_DIR; };
		9A601CC31FCD553300D69AE4 /* FBSDKCoreKit.framework */ = {isa = PBXFileReference; explicitFileType = wrapper.framework; path = FBSDKCoreKit.framework; sourceTree = BUILT_PRODUCTS_DIR; };
		9A601CC41FCD553300D69AE4 /* FBSDKLoginKit.framework */ = {isa = PBXFileReference; explicitFileType = wrapper.framework; path = FBSDKLoginKit.framework; sourceTree = BUILT_PRODUCTS_DIR; };
		9A601CC71FCD832A00D69AE4 /* FacebookSDKStrings.bundle */ = {isa = PBXFileReference; lastKnownFileType = "wrapper.plug-in"; path = FacebookSDKStrings.bundle; sourceTree = "<group>"; };
		9A83DBF41FC69C57001A4ED4 /* LoginKitURLs.swift */ = {isa = PBXFileReference; lastKnownFileType = sourcecode.swift; path = LoginKitURLs.swift; sourceTree = "<group>"; };
		9AA2838C1FCA66D10050CDA7 /* Facebook Login.entitlements */ = {isa = PBXFileReference; lastKnownFileType = text.plist.entitlements; path = "Facebook Login.entitlements"; sourceTree = "<group>"; };
		9ADCC9E11FC71EC90095350A /* FacebookLoginController.swift */ = {isa = PBXFileReference; lastKnownFileType = sourcecode.swift; path = FacebookLoginController.swift; sourceTree = "<group>"; };
		9ADCC9E41FC71EF60095350A /* FacebookLoginController.xib */ = {isa = PBXFileReference; lastKnownFileType = file.xib; path = FacebookLoginController.xib; sourceTree = "<group>"; };
		EA7CE2901FB4B810004F7A4A /* Facebook Login.app */ = {isa = PBXFileReference; explicitFileType = wrapper.application; includeInIndex = 0; path = "Facebook Login.app"; sourceTree = BUILT_PRODUCTS_DIR; };
		EA7CE2931FB4B810004F7A4A /* AppDelegate.swift */ = {isa = PBXFileReference; lastKnownFileType = sourcecode.swift; path = AppDelegate.swift; sourceTree = "<group>"; };
		EA7CE2951FB4B810004F7A4A /* ViewController.swift */ = {isa = PBXFileReference; lastKnownFileType = sourcecode.swift; path = ViewController.swift; sourceTree = "<group>"; };
		EA7CE2971FB4B810004F7A4A /* Assets.xcassets */ = {isa = PBXFileReference; lastKnownFileType = folder.assetcatalog; path = Assets.xcassets; sourceTree = "<group>"; };
		EA7CE29A1FB4B810004F7A4A /* Base */ = {isa = PBXFileReference; lastKnownFileType = file.storyboard; name = Base; path = Base.lproj/Main.storyboard; sourceTree = "<group>"; };
		EA7CE29C1FB4B810004F7A4A /* Info.plist */ = {isa = PBXFileReference; lastKnownFileType = text.plist.xml; path = Info.plist; sourceTree = "<group>"; };
		EA7CE29D1FB4B810004F7A4A /* Facebook_Login.entitlements */ = {isa = PBXFileReference; lastKnownFileType = text.plist.entitlements; path = Facebook_Login.entitlements; sourceTree = "<group>"; };
		EA7CE2A21FB4B810004F7A4A /* Facebook LoginTests.xctest */ = {isa = PBXFileReference; explicitFileType = wrapper.cfbundle; includeInIndex = 0; path = "Facebook LoginTests.xctest"; sourceTree = BUILT_PRODUCTS_DIR; };
		EA7CE2A61FB4B810004F7A4A /* Facebook_LoginTests.swift */ = {isa = PBXFileReference; lastKnownFileType = sourcecode.swift; path = Facebook_LoginTests.swift; sourceTree = "<group>"; };
		EA7CE2A81FB4B810004F7A4A /* Info.plist */ = {isa = PBXFileReference; lastKnownFileType = text.plist.xml; path = Info.plist; sourceTree = "<group>"; };
		EA7CE2B21FB4BBBB004F7A4A /* Facebook Mac Login.xcodeproj */ = {isa = PBXFileReference; lastKnownFileType = "wrapper.pb-project"; name = "Facebook Mac Login.xcodeproj"; path = "../../../Facebook Core and Login Swift/Facebook Mac Login/Facebook Mac Login.xcodeproj"; sourceTree = "<group>"; };
		EAD408BB1FC1BF5200950035 /* FacebookWebLogin.framework */ = {isa = PBXFileReference; explicitFileType = wrapper.framework; includeInIndex = 0; path = FacebookWebLogin.framework; sourceTree = BUILT_PRODUCTS_DIR; };
		EAD408BD1FC1BF5200950035 /* FacebookWebLogin.h */ = {isa = PBXFileReference; lastKnownFileType = sourcecode.c.h; path = FacebookWebLogin.h; sourceTree = "<group>"; };
		EAD408BE1FC1BF5200950035 /* Info.plist */ = {isa = PBXFileReference; lastKnownFileType = text.plist.xml; path = Info.plist; sourceTree = "<group>"; };
		EAD408C31FC1BF5200950035 /* FacebookWebLoginTests.xctest */ = {isa = PBXFileReference; explicitFileType = wrapper.cfbundle; includeInIndex = 0; path = FacebookWebLoginTests.xctest; sourceTree = BUILT_PRODUCTS_DIR; };
		EAD408C81FC1BF5200950035 /* FacebookWebLoginTests.swift */ = {isa = PBXFileReference; lastKnownFileType = sourcecode.swift; path = FacebookWebLoginTests.swift; sourceTree = "<group>"; };
		EAD408CA1FC1BF5200950035 /* Info.plist */ = {isa = PBXFileReference; lastKnownFileType = text.plist.xml; path = Info.plist; sourceTree = "<group>"; };
		EAD408D21FC1BFA800950035 /* FBAuthToken.swift */ = {isa = PBXFileReference; lastKnownFileType = sourcecode.swift; path = FBAuthToken.swift; sourceTree = "<group>"; };
		EAD408D41FC1D8FD00950035 /* FBLoginController.swift */ = {isa = PBXFileReference; lastKnownFileType = sourcecode.swift; path = FBLoginController.swift; sourceTree = "<group>"; };
/* End PBXFileReference section */

/* Begin PBXFrameworksBuildPhase section */
		EA7CE28D1FB4B810004F7A4A /* Frameworks */ = {
			isa = PBXFrameworksBuildPhase;
			buildActionMask = 2147483647;
			files = (
				9A601CC11FCD553300D69AE4 /* FBSDKCoreKit.framework in Frameworks */,
				9A601CC21FCD553300D69AE4 /* FBSDKLoginKit.framework in Frameworks */,
				9A601CA91FCD509200D69AE4 /* Facebook_Mac_Core.framework in Frameworks */,
				9A601CAD1FCD509200D69AE4 /* Facebook_Mac_Login.framework in Frameworks */,
				9ADCC9E81FC8088D0095350A /* FacebookWebLogin.framework in Frameworks */,
			);
			runOnlyForDeploymentPostprocessing = 0;
		};
		EA7CE29F1FB4B810004F7A4A /* Frameworks */ = {
			isa = PBXFrameworksBuildPhase;
			buildActionMask = 2147483647;
			files = (
			);
			runOnlyForDeploymentPostprocessing = 0;
		};
		EAD408B71FC1BF5200950035 /* Frameworks */ = {
			isa = PBXFrameworksBuildPhase;
			buildActionMask = 2147483647;
			files = (
			);
			runOnlyForDeploymentPostprocessing = 0;
		};
		EAD408C01FC1BF5200950035 /* Frameworks */ = {
			isa = PBXFrameworksBuildPhase;
			buildActionMask = 2147483647;
			files = (
				EAD408C41FC1BF5200950035 /* FacebookWebLogin.framework in Frameworks */,
			);
			runOnlyForDeploymentPostprocessing = 0;
		};
/* End PBXFrameworksBuildPhase section */

/* Begin PBXGroup section */
		EA7CE2871FB4B810004F7A4A = {
			isa = PBXGroup;
			children = (
				9A601CC71FCD832A00D69AE4 /* FacebookSDKStrings.bundle */,
				EA7CE2B21FB4BBBB004F7A4A /* Facebook Mac Login.xcodeproj */,
				EA7CE2921FB4B810004F7A4A /* Facebook Login */,
				EA7CE2A51FB4B810004F7A4A /* Facebook LoginTests */,
				EAD408BC1FC1BF5200950035 /* FacebookWebLogin */,
				EAD408C71FC1BF5200950035 /* FacebookWebLoginTests */,
				EA7CE2911FB4B810004F7A4A /* Products */,
				EA7CE2C61FB4BC11004F7A4A /* Frameworks */,
			);
			sourceTree = "<group>";
		};
		EA7CE2911FB4B810004F7A4A /* Products */ = {
			isa = PBXGroup;
			children = (
				EA7CE2901FB4B810004F7A4A /* Facebook Login.app */,
				EA7CE2A21FB4B810004F7A4A /* Facebook LoginTests.xctest */,
				EAD408BB1FC1BF5200950035 /* FacebookWebLogin.framework */,
				EAD408C31FC1BF5200950035 /* FacebookWebLoginTests.xctest */,
			);
			name = Products;
			sourceTree = "<group>";
		};
		EA7CE2921FB4B810004F7A4A /* Facebook Login */ = {
			isa = PBXGroup;
			children = (
				9AA2838C1FCA66D10050CDA7 /* Facebook Login.entitlements */,
				EA7CE2931FB4B810004F7A4A /* AppDelegate.swift */,
				EA7CE2951FB4B810004F7A4A /* ViewController.swift */,
				EA7CE2971FB4B810004F7A4A /* Assets.xcassets */,
				EA7CE2991FB4B810004F7A4A /* Main.storyboard */,
				EA7CE29C1FB4B810004F7A4A /* Info.plist */,
				EA7CE29D1FB4B810004F7A4A /* Facebook_Login.entitlements */,
				9A1519E31FD06BEA008E3FF6 /* TODOLIST.rtf */,
			);
			path = "Facebook Login";
			sourceTree = "<group>";
		};
		EA7CE2A51FB4B810004F7A4A /* Facebook LoginTests */ = {
			isa = PBXGroup;
			children = (
				EA7CE2A61FB4B810004F7A4A /* Facebook_LoginTests.swift */,
				EA7CE2A81FB4B810004F7A4A /* Info.plist */,
			);
			path = "Facebook LoginTests";
			sourceTree = "<group>";
		};
		EA7CE2B31FB4BBBB004F7A4A /* Products */ = {
			isa = PBXGroup;
			children = (
				EA7CE2B81FB4BBBB004F7A4A /* Facebook_Mac_Login.framework */,
				EA7CE2BA1FB4BBBB004F7A4A /* Facebook Mac LoginTests.xctest */,
			);
			name = Products;
			sourceTree = "<group>";
		};
		EA7CE2C61FB4BC11004F7A4A /* Frameworks */ = {
			isa = PBXGroup;
			children = (
				9A601CC31FCD553300D69AE4 /* FBSDKCoreKit.framework */,
				9A601CC41FCD553300D69AE4 /* FBSDKLoginKit.framework */,
				9A601CAA1FCD509200D69AE4 /* Facebook_Mac_Core.framework */,
			);
			name = Frameworks;
			sourceTree = "<group>";
		};
		EAD408BC1FC1BF5200950035 /* FacebookWebLogin */ = {
			isa = PBXGroup;
			children = (
				EAD408BD1FC1BF5200950035 /* FacebookWebLogin.h */,
				EAD408BE1FC1BF5200950035 /* Info.plist */,
				EAD408D21FC1BFA800950035 /* FBAuthToken.swift */,
				EAD408D41FC1D8FD00950035 /* FBLoginController.swift */,
				9A83DBF41FC69C57001A4ED4 /* LoginKitURLs.swift */,
				9ADCC9E11FC71EC90095350A /* FacebookLoginController.swift */,
				9ADCC9E41FC71EF60095350A /* FacebookLoginController.xib */,
			);
			path = FacebookWebLogin;
			sourceTree = "<group>";
		};
		EAD408C71FC1BF5200950035 /* FacebookWebLoginTests */ = {
			isa = PBXGroup;
			children = (
				EAD408C81FC1BF5200950035 /* FacebookWebLoginTests.swift */,
				EAD408CA1FC1BF5200950035 /* Info.plist */,
			);
			path = FacebookWebLoginTests;
			sourceTree = "<group>";
		};
/* End PBXGroup section */

/* Begin PBXHeadersBuildPhase section */
		EAD408B81FC1BF5200950035 /* Headers */ = {
			isa = PBXHeadersBuildPhase;
			buildActionMask = 2147483647;
			files = (
				EAD408CB1FC1BF5200950035 /* FacebookWebLogin.h in Headers */,
			);
			runOnlyForDeploymentPostprocessing = 0;
		};
/* End PBXHeadersBuildPhase section */

/* Begin PBXNativeTarget section */
		EA7CE28F1FB4B810004F7A4A /* Facebook Login */ = {
			isa = PBXNativeTarget;
			buildConfigurationList = EA7CE2AB1FB4B810004F7A4A /* Build configuration list for PBXNativeTarget "Facebook Login" */;
			buildPhases = (
				EA7CE28C1FB4B810004F7A4A /* Sources */,
				EA7CE28D1FB4B810004F7A4A /* Frameworks */,
				EA7CE28E1FB4B810004F7A4A /* Resources */,
				EA7CE2C81FB4BC19004F7A4A /* CopyFiles */,
			);
			buildRules = (
			);
			dependencies = (
				9A601CB11FCD50A800D69AE4 /* PBXTargetDependency */,
				9ADCC9E71FC808860095350A /* PBXTargetDependency */,
			);
			name = "Facebook Login";
			productName = "Facebook Login";
			productReference = EA7CE2901FB4B810004F7A4A /* Facebook Login.app */;
			productType = "com.apple.product-type.application";
		};
		EA7CE2A11FB4B810004F7A4A /* Facebook LoginTests */ = {
			isa = PBXNativeTarget;
			buildConfigurationList = EA7CE2AE1FB4B810004F7A4A /* Build configuration list for PBXNativeTarget "Facebook LoginTests" */;
			buildPhases = (
				EA7CE29E1FB4B810004F7A4A /* Sources */,
				EA7CE29F1FB4B810004F7A4A /* Frameworks */,
				EA7CE2A01FB4B810004F7A4A /* Resources */,
			);
			buildRules = (
			);
			dependencies = (
				EA7CE2A41FB4B810004F7A4A /* PBXTargetDependency */,
			);
			name = "Facebook LoginTests";
			productName = "Facebook LoginTests";
			productReference = EA7CE2A21FB4B810004F7A4A /* Facebook LoginTests.xctest */;
			productType = "com.apple.product-type.bundle.unit-test";
		};
		EAD408BA1FC1BF5200950035 /* FacebookWebLogin */ = {
			isa = PBXNativeTarget;
			buildConfigurationList = EAD408CC1FC1BF5200950035 /* Build configuration list for PBXNativeTarget "FacebookWebLogin" */;
			buildPhases = (
				EAD408B61FC1BF5200950035 /* Sources */,
				EAD408B71FC1BF5200950035 /* Frameworks */,
				EAD408B81FC1BF5200950035 /* Headers */,
				EAD408B91FC1BF5200950035 /* Resources */,
			);
			buildRules = (
			);
			dependencies = (
			);
			name = FacebookWebLogin;
			productName = FacebookWebLogin;
			productReference = EAD408BB1FC1BF5200950035 /* FacebookWebLogin.framework */;
			productType = "com.apple.product-type.framework";
		};
		EAD408C21FC1BF5200950035 /* FacebookWebLoginTests */ = {
			isa = PBXNativeTarget;
			buildConfigurationList = EAD408CF1FC1BF5200950035 /* Build configuration list for PBXNativeTarget "FacebookWebLoginTests" */;
			buildPhases = (
				EAD408BF1FC1BF5200950035 /* Sources */,
				EAD408C01FC1BF5200950035 /* Frameworks */,
				EAD408C11FC1BF5200950035 /* Resources */,
			);
			buildRules = (
			);
			dependencies = (
				EAD408C61FC1BF5200950035 /* PBXTargetDependency */,
			);
			name = FacebookWebLoginTests;
			productName = FacebookWebLoginTests;
			productReference = EAD408C31FC1BF5200950035 /* FacebookWebLoginTests.xctest */;
			productType = "com.apple.product-type.bundle.unit-test";
		};
/* End PBXNativeTarget section */

/* Begin PBXProject section */
		EA7CE2881FB4B810004F7A4A /* Project object */ = {
			isa = PBXProject;
			attributes = {
				LastSwiftUpdateCheck = 0900;
				LastUpgradeCheck = 0900;
				ORGANIZATIONNAME = Satendra;
				TargetAttributes = {
					EA7CE28F1FB4B810004F7A4A = {
						CreatedOnToolsVersion = 9.0;
						ProvisioningStyle = Manual;
					};
					EA7CE2A11FB4B810004F7A4A = {
						CreatedOnToolsVersion = 9.0;
						ProvisioningStyle = Automatic;
						TestTargetID = EA7CE28F1FB4B810004F7A4A;
					};
					EAD408BA1FC1BF5200950035 = {
						CreatedOnToolsVersion = 9.0;
						LastSwiftMigration = 0900;
						ProvisioningStyle = Automatic;
					};
					EAD408C21FC1BF5200950035 = {
						CreatedOnToolsVersion = 9.0;
						ProvisioningStyle = Automatic;
					};
				};
			};
			buildConfigurationList = EA7CE28B1FB4B810004F7A4A /* Build configuration list for PBXProject "Facebook Login" */;
			compatibilityVersion = "Xcode 8.0";
			developmentRegion = en;
			hasScannedForEncodings = 0;
			knownRegions = (
				en,
				Base,
			);
			mainGroup = EA7CE2871FB4B810004F7A4A;
			productRefGroup = EA7CE2911FB4B810004F7A4A /* Products */;
			projectDirPath = "";
			projectReferences = (
				{
					ProductGroup = EA7CE2B31FB4BBBB004F7A4A /* Products */;
					ProjectRef = EA7CE2B21FB4BBBB004F7A4A /* Facebook Mac Login.xcodeproj */;
				},
			);
			projectRoot = "";
			targets = (
				EA7CE28F1FB4B810004F7A4A /* Facebook Login */,
				EA7CE2A11FB4B810004F7A4A /* Facebook LoginTests */,
				EAD408BA1FC1BF5200950035 /* FacebookWebLogin */,
				EAD408C21FC1BF5200950035 /* FacebookWebLoginTests */,
			);
		};
/* End PBXProject section */

/* Begin PBXReferenceProxy section */
		EA7CE2B81FB4BBBB004F7A4A /* Facebook_Mac_Login.framework */ = {
			isa = PBXReferenceProxy;
			fileType = wrapper.framework;
			path = Facebook_Mac_Login.framework;
			remoteRef = EA7CE2B71FB4BBBB004F7A4A /* PBXContainerItemProxy */;
			sourceTree = BUILT_PRODUCTS_DIR;
		};
		EA7CE2BA1FB4BBBB004F7A4A /* Facebook Mac LoginTests.xctest */ = {
			isa = PBXReferenceProxy;
			fileType = wrapper.cfbundle;
			path = "Facebook Mac LoginTests.xctest";
			remoteRef = EA7CE2B91FB4BBBB004F7A4A /* PBXContainerItemProxy */;
			sourceTree = BUILT_PRODUCTS_DIR;
		};
/* End PBXReferenceProxy section */

/* Begin PBXResourcesBuildPhase section */
		EA7CE28E1FB4B810004F7A4A /* Resources */ = {
			isa = PBXResourcesBuildPhase;
			buildActionMask = 2147483647;
			files = (
				9A1519E41FD06BEA008E3FF6 /* TODOLIST.rtf in Resources */,
				9A601CC81FCD832A00D69AE4 /* FacebookSDKStrings.bundle in Resources */,
				EA7CE2981FB4B810004F7A4A /* Assets.xcassets in Resources */,
				EA7CE29B1FB4B810004F7A4A /* Main.storyboard in Resources */,
			);
			runOnlyForDeploymentPostprocessing = 0;
		};
		EA7CE2A01FB4B810004F7A4A /* Resources */ = {
			isa = PBXResourcesBuildPhase;
			buildActionMask = 2147483647;
			files = (
			);
			runOnlyForDeploymentPostprocessing = 0;
		};
		EAD408B91FC1BF5200950035 /* Resources */ = {
			isa = PBXResourcesBuildPhase;
			buildActionMask = 2147483647;
			files = (
				9ADCC9E51FC71EF60095350A /* FacebookLoginController.xib in Resources */,
			);
			runOnlyForDeploymentPostprocessing = 0;
		};
		EAD408C11FC1BF5200950035 /* Resources */ = {
			isa = PBXResourcesBuildPhase;
			buildActionMask = 2147483647;
			files = (
			);
			runOnlyForDeploymentPostprocessing = 0;
		};
/* End PBXResourcesBuildPhase section */

/* Begin PBXSourcesBuildPhase section */
		EA7CE28C1FB4B810004F7A4A /* Sources */ = {
			isa = PBXSourcesBuildPhase;
			buildActionMask = 2147483647;
			files = (
				EA7CE2961FB4B810004F7A4A /* ViewController.swift in Sources */,
				EA7CE2941FB4B810004F7A4A /* AppDelegate.swift in Sources */,
			);
			runOnlyForDeploymentPostprocessing = 0;
		};
		EA7CE29E1FB4B810004F7A4A /* Sources */ = {
			isa = PBXSourcesBuildPhase;
			buildActionMask = 2147483647;
			files = (
				EA7CE2A71FB4B810004F7A4A /* Facebook_LoginTests.swift in Sources */,
			);
			runOnlyForDeploymentPostprocessing = 0;
		};
		EAD408B61FC1BF5200950035 /* Sources */ = {
			isa = PBXSourcesBuildPhase;
			buildActionMask = 2147483647;
			files = (
				EAD408D31FC1BFA800950035 /* FBAuthToken.swift in Sources */,
				9A83DBF51FC69C57001A4ED4 /* LoginKitURLs.swift in Sources */,
				EAD408D51FC1D8FD00950035 /* FBLoginController.swift in Sources */,
				9ADCC9E21FC71EC90095350A /* FacebookLoginController.swift in Sources */,
			);
			runOnlyForDeploymentPostprocessing = 0;
		};
		EAD408BF1FC1BF5200950035 /* Sources */ = {
			isa = PBXSourcesBuildPhase;
			buildActionMask = 2147483647;
			files = (
				EAD408C91FC1BF5200950035 /* FacebookWebLoginTests.swift in Sources */,
			);
			runOnlyForDeploymentPostprocessing = 0;
		};
/* End PBXSourcesBuildPhase section */

/* Begin PBXTargetDependency section */
		9A601CB11FCD50A800D69AE4 /* PBXTargetDependency */ = {
			isa = PBXTargetDependency;
			name = "Facebook Mac Login";
			targetProxy = 9A601CB01FCD50A800D69AE4 /* PBXContainerItemProxy */;
		};
		9ADCC9E71FC808860095350A /* PBXTargetDependency */ = {
			isa = PBXTargetDependency;
			target = EAD408BA1FC1BF5200950035 /* FacebookWebLogin */;
			targetProxy = 9ADCC9E61FC808860095350A /* PBXContainerItemProxy */;
		};
		EA7CE2A41FB4B810004F7A4A /* PBXTargetDependency */ = {
			isa = PBXTargetDependency;
			target = EA7CE28F1FB4B810004F7A4A /* Facebook Login */;
			targetProxy = EA7CE2A31FB4B810004F7A4A /* PBXContainerItemProxy */;
		};
		EAD408C61FC1BF5200950035 /* PBXTargetDependency */ = {
			isa = PBXTargetDependency;
			target = EAD408BA1FC1BF5200950035 /* FacebookWebLogin */;
			targetProxy = EAD408C51FC1BF5200950035 /* PBXContainerItemProxy */;
		};
/* End PBXTargetDependency section */

/* Begin PBXVariantGroup section */
		EA7CE2991FB4B810004F7A4A /* Main.storyboard */ = {
			isa = PBXVariantGroup;
			children = (
				EA7CE29A1FB4B810004F7A4A /* Base */,
			);
			name = Main.storyboard;
			sourceTree = "<group>";
		};
/* End PBXVariantGroup section */

/* Begin XCBuildConfiguration section */
		EA7CE2A91FB4B810004F7A4A /* Debug */ = {
			isa = XCBuildConfiguration;
			buildSettings = {
				ALWAYS_SEARCH_USER_PATHS = NO;
				CLANG_ANALYZER_NONNULL = YES;
				CLANG_ANALYZER_NUMBER_OBJECT_CONVERSION = YES_AGGRESSIVE;
				CLANG_CXX_LANGUAGE_STANDARD = "gnu++14";
				CLANG_CXX_LIBRARY = "libc++";
				CLANG_ENABLE_MODULES = YES;
				CLANG_ENABLE_OBJC_ARC = YES;
				CLANG_WARN_BLOCK_CAPTURE_AUTORELEASING = YES;
				CLANG_WARN_BOOL_CONVERSION = YES;
				CLANG_WARN_COMMA = YES;
				CLANG_WARN_CONSTANT_CONVERSION = YES;
				CLANG_WARN_DIRECT_OBJC_ISA_USAGE = YES_ERROR;
				CLANG_WARN_DOCUMENTATION_COMMENTS = YES;
				CLANG_WARN_EMPTY_BODY = YES;
				CLANG_WARN_ENUM_CONVERSION = YES;
				CLANG_WARN_INFINITE_RECURSION = YES;
				CLANG_WARN_INT_CONVERSION = YES;
				CLANG_WARN_NON_LITERAL_NULL_CONVERSION = YES;
				CLANG_WARN_OBJC_LITERAL_CONVERSION = YES;
				CLANG_WARN_OBJC_ROOT_CLASS = YES_ERROR;
				CLANG_WARN_RANGE_LOOP_ANALYSIS = YES;
				CLANG_WARN_STRICT_PROTOTYPES = YES;
				CLANG_WARN_SUSPICIOUS_MOVE = YES;
				CLANG_WARN_UNGUARDED_AVAILABILITY = YES_AGGRESSIVE;
				CLANG_WARN_UNREACHABLE_CODE = YES;
				CLANG_WARN__DUPLICATE_METHOD_MATCH = YES;
				CODE_SIGN_IDENTITY = "-";
				COPY_PHASE_STRIP = NO;
				DEBUG_INFORMATION_FORMAT = dwarf;
				ENABLE_STRICT_OBJC_MSGSEND = YES;
				ENABLE_TESTABILITY = YES;
				GCC_C_LANGUAGE_STANDARD = gnu11;
				GCC_DYNAMIC_NO_PIC = NO;
				GCC_NO_COMMON_BLOCKS = YES;
				GCC_OPTIMIZATION_LEVEL = 0;
				GCC_PREPROCESSOR_DEFINITIONS = (
					"DEBUG=1",
					"$(inherited)",
				);
				GCC_WARN_64_TO_32_BIT_CONVERSION = YES;
				GCC_WARN_ABOUT_RETURN_TYPE = YES_ERROR;
				GCC_WARN_UNDECLARED_SELECTOR = YES;
				GCC_WARN_UNINITIALIZED_AUTOS = YES_AGGRESSIVE;
				GCC_WARN_UNUSED_FUNCTION = YES;
				GCC_WARN_UNUSED_VARIABLE = YES;
				MACOSX_DEPLOYMENT_TARGET = 10.12;
				MTL_ENABLE_DEBUG_INFO = YES;
				ONLY_ACTIVE_ARCH = YES;
				SDKROOT = macosx;
				SWIFT_ACTIVE_COMPILATION_CONDITIONS = DEBUG;
				SWIFT_OPTIMIZATION_LEVEL = "-Onone";
			};
			name = Debug;
		};
		EA7CE2AA1FB4B810004F7A4A /* Release */ = {
			isa = XCBuildConfiguration;
			buildSettings = {
				ALWAYS_SEARCH_USER_PATHS = NO;
				CLANG_ANALYZER_NONNULL = YES;
				CLANG_ANALYZER_NUMBER_OBJECT_CONVERSION = YES_AGGRESSIVE;
				CLANG_CXX_LANGUAGE_STANDARD = "gnu++14";
				CLANG_CXX_LIBRARY = "libc++";
				CLANG_ENABLE_MODULES = YES;
				CLANG_ENABLE_OBJC_ARC = YES;
				CLANG_WARN_BLOCK_CAPTURE_AUTORELEASING = YES;
				CLANG_WARN_BOOL_CONVERSION = YES;
				CLANG_WARN_COMMA = YES;
				CLANG_WARN_CONSTANT_CONVERSION = YES;
				CLANG_WARN_DIRECT_OBJC_ISA_USAGE = YES_ERROR;
				CLANG_WARN_DOCUMENTATION_COMMENTS = YES;
				CLANG_WARN_EMPTY_BODY = YES;
				CLANG_WARN_ENUM_CONVERSION = YES;
				CLANG_WARN_INFINITE_RECURSION = YES;
				CLANG_WARN_INT_CONVERSION = YES;
				CLANG_WARN_NON_LITERAL_NULL_CONVERSION = YES;
				CLANG_WARN_OBJC_LITERAL_CONVERSION = YES;
				CLANG_WARN_OBJC_ROOT_CLASS = YES_ERROR;
				CLANG_WARN_RANGE_LOOP_ANALYSIS = YES;
				CLANG_WARN_STRICT_PROTOTYPES = YES;
				CLANG_WARN_SUSPICIOUS_MOVE = YES;
				CLANG_WARN_UNGUARDED_AVAILABILITY = YES_AGGRESSIVE;
				CLANG_WARN_UNREACHABLE_CODE = YES;
				CLANG_WARN__DUPLICATE_METHOD_MATCH = YES;
				CODE_SIGN_IDENTITY = "-";
				COPY_PHASE_STRIP = NO;
				DEBUG_INFORMATION_FORMAT = "dwarf-with-dsym";
				ENABLE_NS_ASSERTIONS = NO;
				ENABLE_STRICT_OBJC_MSGSEND = YES;
				GCC_C_LANGUAGE_STANDARD = gnu11;
				GCC_NO_COMMON_BLOCKS = YES;
				GCC_WARN_64_TO_32_BIT_CONVERSION = YES;
				GCC_WARN_ABOUT_RETURN_TYPE = YES_ERROR;
				GCC_WARN_UNDECLARED_SELECTOR = YES;
				GCC_WARN_UNINITIALIZED_AUTOS = YES_AGGRESSIVE;
				GCC_WARN_UNUSED_FUNCTION = YES;
				GCC_WARN_UNUSED_VARIABLE = YES;
				MACOSX_DEPLOYMENT_TARGET = 10.12;
				MTL_ENABLE_DEBUG_INFO = NO;
				SDKROOT = macosx;
				SWIFT_OPTIMIZATION_LEVEL = "-Owholemodule";
			};
			name = Release;
		};
		EA7CE2AC1FB4B810004F7A4A /* Debug */ = {
			isa = XCBuildConfiguration;
			buildSettings = {
				ASSETCATALOG_COMPILER_APPICON_NAME = AppIcon;
				CODE_SIGN_ENTITLEMENTS = "Facebook Login/Facebook Login.entitlements";
				CODE_SIGN_STYLE = Manual;
				COMBINE_HIDPI_IMAGES = YES;
				DEVELOPMENT_TEAM = "";
				INFOPLIST_FILE = "Facebook Login/Info.plist";
				LD_RUNPATH_SEARCH_PATHS = "$(inherited) @executable_path/../Frameworks";
				PRODUCT_BUNDLE_IDENTIFIER = "com.satendra.Facebook-Login";
				PRODUCT_NAME = "$(TARGET_NAME)";
				PROVISIONING_PROFILE_SPECIFIER = "";
				SWIFT_VERSION = 4.0;
			};
			name = Debug;
		};
		EA7CE2AD1FB4B810004F7A4A /* Release */ = {
			isa = XCBuildConfiguration;
			buildSettings = {
				ASSETCATALOG_COMPILER_APPICON_NAME = AppIcon;
				CODE_SIGN_ENTITLEMENTS = "Facebook Login/Facebook Login.entitlements";
				CODE_SIGN_STYLE = Manual;
				COMBINE_HIDPI_IMAGES = YES;
				DEVELOPMENT_TEAM = "";
				INFOPLIST_FILE = "Facebook Login/Info.plist";
				LD_RUNPATH_SEARCH_PATHS = "$(inherited) @executable_path/../Frameworks";
				PRODUCT_BUNDLE_IDENTIFIER = "com.satendra.Facebook-Login";
				PRODUCT_NAME = "$(TARGET_NAME)";
				PROVISIONING_PROFILE_SPECIFIER = "";
				SWIFT_VERSION = 4.0;
			};
			name = Release;
		};
		EA7CE2AF1FB4B810004F7A4A /* Debug */ = {
			isa = XCBuildConfiguration;
			buildSettings = {
				ALWAYS_EMBED_SWIFT_STANDARD_LIBRARIES = YES;
				BUNDLE_LOADER = "$(TEST_HOST)";
				CODE_SIGN_STYLE = Automatic;
				COMBINE_HIDPI_IMAGES = YES;
				INFOPLIST_FILE = "Facebook LoginTests/Info.plist";
				LD_RUNPATH_SEARCH_PATHS = "$(inherited) @executable_path/../Frameworks @loader_path/../Frameworks";
				PRODUCT_BUNDLE_IDENTIFIER = "com.satendra.Facebook-LoginTests";
				PRODUCT_NAME = "$(TARGET_NAME)";
				SWIFT_VERSION = 4.0;
				TEST_HOST = "$(BUILT_PRODUCTS_DIR)/Facebook Login.app/Contents/MacOS/Facebook Login";
			};
			name = Debug;
		};
		EA7CE2B01FB4B810004F7A4A /* Release */ = {
			isa = XCBuildConfiguration;
			buildSettings = {
				ALWAYS_EMBED_SWIFT_STANDARD_LIBRARIES = YES;
				BUNDLE_LOADER = "$(TEST_HOST)";
				CODE_SIGN_STYLE = Automatic;
				COMBINE_HIDPI_IMAGES = YES;
				INFOPLIST_FILE = "Facebook LoginTests/Info.plist";
				LD_RUNPATH_SEARCH_PATHS = "$(inherited) @executable_path/../Frameworks @loader_path/../Frameworks";
				PRODUCT_BUNDLE_IDENTIFIER = "com.satendra.Facebook-LoginTests";
				PRODUCT_NAME = "$(TARGET_NAME)";
				SWIFT_VERSION = 4.0;
				TEST_HOST = "$(BUILT_PRODUCTS_DIR)/Facebook Login.app/Contents/MacOS/Facebook Login";
			};
			name = Release;
		};
		EAD408CD1FC1BF5200950035 /* Debug */ = {
			isa = XCBuildConfiguration;
			buildSettings = {
				CLANG_ENABLE_MODULES = YES;
				CODE_SIGN_IDENTITY = "iPhone Developer";
				CODE_SIGN_STYLE = Automatic;
				CURRENT_PROJECT_VERSION = 1;
				DEFINES_MODULE = YES;
				DYLIB_COMPATIBILITY_VERSION = 1;
				DYLIB_CURRENT_VERSION = 1;
				DYLIB_INSTALL_NAME_BASE = "@rpath";
				INFOPLIST_FILE = FacebookWebLogin/Info.plist;
				INSTALL_PATH = "$(LOCAL_LIBRARY_DIR)/Frameworks";
				IPHONEOS_DEPLOYMENT_TARGET = 11.0;
				LD_RUNPATH_SEARCH_PATHS = "$(inherited) @executable_path/Frameworks @loader_path/Frameworks";
				PRODUCT_BUNDLE_IDENTIFIER = com.satendra.FacebookWebLogin;
				PRODUCT_NAME = "$(TARGET_NAME:c99extidentifier)";
				SDKROOT = macosx;
				SKIP_INSTALL = YES;
				SUPPORTED_PLATFORMS = macosx;
				SWIFT_OPTIMIZATION_LEVEL = "-Onone";
				SWIFT_VERSION = 4.0;
				TARGETED_DEVICE_FAMILY = "1,2";
				VERSIONING_SYSTEM = "apple-generic";
				VERSION_INFO_PREFIX = "";
			};
			name = Debug;
		};
		EAD408CE1FC1BF5200950035 /* Release */ = {
			isa = XCBuildConfiguration;
			buildSettings = {
				CLANG_ENABLE_MODULES = YES;
				CODE_SIGN_IDENTITY = "iPhone Developer";
				CODE_SIGN_STYLE = Automatic;
				CURRENT_PROJECT_VERSION = 1;
				DEFINES_MODULE = YES;
				DYLIB_COMPATIBILITY_VERSION = 1;
				DYLIB_CURRENT_VERSION = 1;
				DYLIB_INSTALL_NAME_BASE = "@rpath";
				INFOPLIST_FILE = FacebookWebLogin/Info.plist;
				INSTALL_PATH = "$(LOCAL_LIBRARY_DIR)/Frameworks";
				IPHONEOS_DEPLOYMENT_TARGET = 11.0;
				LD_RUNPATH_SEARCH_PATHS = "$(inherited) @executable_path/Frameworks @loader_path/Frameworks";
				PRODUCT_BUNDLE_IDENTIFIER = com.satendra.FacebookWebLogin;
				PRODUCT_NAME = "$(TARGET_NAME:c99extidentifier)";
				SDKROOT = macosx;
				SKIP_INSTALL = YES;
				SUPPORTED_PLATFORMS = macosx;
				SWIFT_VERSION = 4.0;
				TARGETED_DEVICE_FAMILY = "1,2";
				VALIDATE_PRODUCT = YES;
				VERSIONING_SYSTEM = "apple-generic";
				VERSION_INFO_PREFIX = "";
			};
			name = Release;
		};
		EAD408D01FC1BF5200950035 /* Debug */ = {
			isa = XCBuildConfiguration;
			buildSettings = {
				ALWAYS_EMBED_SWIFT_STANDARD_LIBRARIES = YES;
				CODE_SIGN_IDENTITY = "iPhone Developer";
				CODE_SIGN_STYLE = Automatic;
				INFOPLIST_FILE = FacebookWebLoginTests/Info.plist;
				IPHONEOS_DEPLOYMENT_TARGET = 11.0;
				LD_RUNPATH_SEARCH_PATHS = "$(inherited) @executable_path/Frameworks @loader_path/Frameworks";
				PRODUCT_BUNDLE_IDENTIFIER = com.satendra.FacebookWebLoginTests;
				PRODUCT_NAME = "$(TARGET_NAME)";
				SDKROOT = iphoneos;
				SWIFT_VERSION = 4.0;
				TARGETED_DEVICE_FAMILY = "1,2";
			};
			name = Debug;
		};
		EAD408D11FC1BF5200950035 /* Release */ = {
			isa = XCBuildConfiguration;
			buildSettings = {
				ALWAYS_EMBED_SWIFT_STANDARD_LIBRARIES = YES;
				CODE_SIGN_IDENTITY = "iPhone Developer";
				CODE_SIGN_STYLE = Automatic;
				INFOPLIST_FILE = FacebookWebLoginTests/Info.plist;
				IPHONEOS_DEPLOYMENT_TARGET = 11.0;
				LD_RUNPATH_SEARCH_PATHS = "$(inherited) @executable_path/Frameworks @loader_path/Frameworks";
				PRODUCT_BUNDLE_IDENTIFIER = com.satendra.FacebookWebLoginTests;
				PRODUCT_NAME = "$(TARGET_NAME)";
				SDKROOT = iphoneos;
				SWIFT_VERSION = 4.0;
				TARGETED_DEVICE_FAMILY = "1,2";
				VALIDATE_PRODUCT = YES;
			};
			name = Release;
		};
/* End XCBuildConfiguration section */

/* Begin XCConfigurationList section */
		EA7CE28B1FB4B810004F7A4A /* Build configuration list for PBXProject "Facebook Login" */ = {
			isa = XCConfigurationList;
			buildConfigurations = (
				EA7CE2A91FB4B810004F7A4A /* Debug */,
				EA7CE2AA1FB4B810004F7A4A /* Release */,
			);
			defaultConfigurationIsVisible = 0;
			defaultConfigurationName = Release;
		};
		EA7CE2AB1FB4B810004F7A4A /* Build configuration list for PBXNativeTarget "Facebook Login" */ = {
			isa = XCConfigurationList;
			buildConfigurations = (
				EA7CE2AC1FB4B810004F7A4A /* Debug */,
				EA7CE2AD1FB4B810004F7A4A /* Release */,
			);
			defaultConfigurationIsVisible = 0;
			defaultConfigurationName = Release;
		};
		EA7CE2AE1FB4B810004F7A4A /* Build configuration list for PBXNativeTarget "Facebook LoginTests" */ = {
			isa = XCConfigurationList;
			buildConfigurations = (
				EA7CE2AF1FB4B810004F7A4A /* Debug */,
				EA7CE2B01FB4B810004F7A4A /* Release */,
			);
			defaultConfigurationIsVisible = 0;
			defaultConfigurationName = Release;
		};
		EAD408CC1FC1BF5200950035 /* Build configuration list for PBXNativeTarget "FacebookWebLogin" */ = {
			isa = XCConfigurationList;
			buildConfigurations = (
				EAD408CD1FC1BF5200950035 /* Debug */,
				EAD408CE1FC1BF5200950035 /* Release */,
			);
			defaultConfigurationIsVisible = 0;
			defaultConfigurationName = Release;
		};
		EAD408CF1FC1BF5200950035 /* Build configuration list for PBXNativeTarget "FacebookWebLoginTests" */ = {
			isa = XCConfigurationList;
			buildConfigurations = (
				EAD408D01FC1BF5200950035 /* Debug */,
				EAD408D11FC1BF5200950035 /* Release */,
			);
			defaultConfigurationIsVisible = 0;
			defaultConfigurationName = Release;
		};
/* End XCConfigurationList section */
	};
	rootObject = EA7CE2881FB4B810004F7A4A /* Project object */;
}
